
Microsoft Visual Studio Solution File, Format Version 12.00
# Visual Studio Version 17
VisualStudioVersion = 17.0.31903.59
MinimumVisualStudioVersion = 10.0.40219.1
Project("{6EC3EE1D-3C4E-46DD-8F32-0CC8E7565705}") = "AdvCode2022", "AdvCode2022\AdvCode2022.fsproj", "{944D260D-8C1B-4635-9518-6729CEC3D83D}"
EndProject
Project("{6EC3EE1D-3C4E-46DD-8F32-0CC8E7565705}") = "Day1", "Day1\Day1.fsproj", "{E23CD0FC-BCFA-4795-8522-313B4BF2596E}"
EndProject
Project("{6EC3EE1D-3C4E-46DD-8F32-0CC8E7565705}") = "Day1.Tests", "Day1.Tests\Day1.Tests.fsproj", "{D78F8A70-A38B-4567-AB0C-347E6537FEC0}"
EndProject
Project("{6EC3EE1D-3C4E-46DD-8F32-0CC8E7565705}") = "Day2", "Day2\Day2.fsproj", "{D40C170D-4B39-454B-9615-BFE62A20E0F2}"
EndProject
Project("{6EC3EE1D-3C4E-46DD-8F32-0CC8E7565705}") = "Day2.Tests", "Day2.Tests\Day2.Tests.fsproj", "{85BD7C07-3CDC-443C-BAB6-5805B85A2B86}"
EndProject
Project("{6EC3EE1D-3C4E-46DD-8F32-0CC8E7565705}") = "Day2_part2", "Day2Part2\Day2_part2.fsproj", "{88E778D4-C660-407C-B6F7-C434D1AAA7FA}"
EndProject
Project("{6EC3EE1D-3C4E-46DD-8F32-0CC8E7565705}") = "Day2_part2.Tests", "Day2Part2.Tests\Day2_part2.Tests.fsproj", "{C57EB652-1592-4C20-ADDC-8C12DB743CC9}"
EndProject
Project("{F2A71F9B-5D33-465A-A702-920D77279786}") = "Day3", "Day3\Day3.fsproj", "{C062CC77-B42D-4DFC-AD44-044EB3C7E002}"
EndProject
Project("{F2A71F9B-5D33-465A-A702-920D77279786}") = "Day3.Tests", "Day3.Tests\Day3.Tests.fsproj", "{02D8E03B-5BB7-48BD-9327-6CA32D6EF86B}"
EndProject
Project("{F2A71F9B-5D33-465A-A702-920D77279786}") = "Day4", "Day4\Day4.fsproj", "{6E555B6F-DB06-4A9D-84EF-45F145E03680}"
EndProject
Project("{F2A71F9B-5D33-465A-A702-920D77279786}") = "Day4.Tests", "Day4.Tests\Day4.Tests.fsproj", "{9FBA0457-E909-4BCA-81B0-FCB385B98BE2}"
EndProject
Project("{F2A71F9B-5D33-465A-A702-920D77279786}") = "Day5", "Day5\Day5.fsproj", "{38237A58-54B2-4499-ACDE-74C96AA6DCA4}"
EndProject
Project("{F2A71F9B-5D33-465A-A702-920D77279786}") = "Day5.Tests", "Day5.Tests\Day5.Tests.fsproj", "{921C1C16-DA24-4B3D-AA50-328BE15A61C7}"
EndProject
Global
	GlobalSection(SolutionConfigurationPlatforms) = preSolution
		Debug|Any CPU = Debug|Any CPU
		Release|Any CPU = Release|Any CPU
	EndGlobalSection
	GlobalSection(ProjectConfigurationPlatforms) = postSolution
		{E23CD0FC-BCFA-4795-8522-313B4BF2596E}.Debug|Any CPU.ActiveCfg = Debug|Any CPU
		{E23CD0FC-BCFA-4795-8522-313B4BF2596E}.Debug|Any CPU.Build.0 = Debug|Any CPU
		{E23CD0FC-BCFA-4795-8522-313B4BF2596E}.Release|Any CPU.ActiveCfg = Release|Any CPU
		{E23CD0FC-BCFA-4795-8522-313B4BF2596E}.Release|Any CPU.Build.0 = Release|Any CPU
		{D78F8A70-A38B-4567-AB0C-347E6537FEC0}.Debug|Any CPU.ActiveCfg = Debug|Any CPU
		{D78F8A70-A38B-4567-AB0C-347E6537FEC0}.Debug|Any CPU.Build.0 = Debug|Any CPU
		{D78F8A70-A38B-4567-AB0C-347E6537FEC0}.Release|Any CPU.ActiveCfg = Release|Any CPU
		{D78F8A70-A38B-4567-AB0C-347E6537FEC0}.Release|Any CPU.Build.0 = Release|Any CPU
		{D40C170D-4B39-454B-9615-BFE62A20E0F2}.Debug|Any CPU.ActiveCfg = Debug|Any CPU
		{D40C170D-4B39-454B-9615-BFE62A20E0F2}.Debug|Any CPU.Build.0 = Debug|Any CPU
		{D40C170D-4B39-454B-9615-BFE62A20E0F2}.Release|Any CPU.ActiveCfg = Release|Any CPU
		{D40C170D-4B39-454B-9615-BFE62A20E0F2}.Release|Any CPU.Build.0 = Release|Any CPU
		{85BD7C07-3CDC-443C-BAB6-5805B85A2B86}.Debug|Any CPU.ActiveCfg = Debug|Any CPU
		{85BD7C07-3CDC-443C-BAB6-5805B85A2B86}.Debug|Any CPU.Build.0 = Debug|Any CPU
		{85BD7C07-3CDC-443C-BAB6-5805B85A2B86}.Release|Any CPU.ActiveCfg = Release|Any CPU
		{85BD7C07-3CDC-443C-BAB6-5805B85A2B86}.Release|Any CPU.Build.0 = Release|Any CPU
		{944D260D-8C1B-4635-9518-6729CEC3D83D}.Debug|Any CPU.ActiveCfg = Debug|Any CPU
		{944D260D-8C1B-4635-9518-6729CEC3D83D}.Debug|Any CPU.Build.0 = Debug|Any CPU
		{944D260D-8C1B-4635-9518-6729CEC3D83D}.Release|Any CPU.ActiveCfg = Release|Any CPU
		{944D260D-8C1B-4635-9518-6729CEC3D83D}.Release|Any CPU.Build.0 = Release|Any CPU
		{88E778D4-C660-407C-B6F7-C434D1AAA7FA}.Debug|Any CPU.ActiveCfg = Debug|Any CPU
		{88E778D4-C660-407C-B6F7-C434D1AAA7FA}.Debug|Any CPU.Build.0 = Debug|Any CPU
		{88E778D4-C660-407C-B6F7-C434D1AAA7FA}.Release|Any CPU.ActiveCfg = Release|Any CPU
		{88E778D4-C660-407C-B6F7-C434D1AAA7FA}.Release|Any CPU.Build.0 = Release|Any CPU
		{C57EB652-1592-4C20-ADDC-8C12DB743CC9}.Debug|Any CPU.ActiveCfg = Debug|Any CPU
		{C57EB652-1592-4C20-ADDC-8C12DB743CC9}.Debug|Any CPU.Build.0 = Debug|Any CPU
		{C57EB652-1592-4C20-ADDC-8C12DB743CC9}.Release|Any CPU.ActiveCfg = Release|Any CPU
		{C57EB652-1592-4C20-ADDC-8C12DB743CC9}.Release|Any CPU.Build.0 = Release|Any CPU
		{C062CC77-B42D-4DFC-AD44-044EB3C7E002}.Debug|Any CPU.ActiveCfg = Debug|Any CPU
		{C062CC77-B42D-4DFC-AD44-044EB3C7E002}.Debug|Any CPU.Build.0 = Debug|Any CPU
		{C062CC77-B42D-4DFC-AD44-044EB3C7E002}.Release|Any CPU.ActiveCfg = Release|Any CPU
		{C062CC77-B42D-4DFC-AD44-044EB3C7E002}.Release|Any CPU.Build.0 = Release|Any CPU
		{02D8E03B-5BB7-48BD-9327-6CA32D6EF86B}.Debug|Any CPU.ActiveCfg = Debug|Any CPU
		{02D8E03B-5BB7-48BD-9327-6CA32D6EF86B}.Debug|Any CPU.Build.0 = Debug|Any CPU
		{02D8E03B-5BB7-48BD-9327-6CA32D6EF86B}.Release|Any CPU.ActiveCfg = Release|Any CPU
		{02D8E03B-5BB7-48BD-9327-6CA32D6EF86B}.Release|Any CPU.Build.0 = Release|Any CPU
		{6E555B6F-DB06-4A9D-84EF-45F145E03680}.Debug|Any CPU.ActiveCfg = Debug|Any CPU
		{6E555B6F-DB06-4A9D-84EF-45F145E03680}.Debug|Any CPU.Build.0 = Debug|Any CPU
		{6E555B6F-DB06-4A9D-84EF-45F145E03680}.Release|Any CPU.ActiveCfg = Release|Any CPU
		{6E555B6F-DB06-4A9D-84EF-45F145E03680}.Release|Any CPU.Build.0 = Release|Any CPU
		{9FBA0457-E909-4BCA-81B0-FCB385B98BE2}.Debug|Any CPU.ActiveCfg = Debug|Any CPU
		{9FBA0457-E909-4BCA-81B0-FCB385B98BE2}.Debug|Any CPU.Build.0 = Debug|Any CPU
		{9FBA0457-E909-4BCA-81B0-FCB385B98BE2}.Release|Any CPU.ActiveCfg = Release|Any CPU
		{9FBA0457-E909-4BCA-81B0-FCB385B98BE2}.Release|Any CPU.Build.0 = Release|Any CPU
		{38237A58-54B2-4499-ACDE-74C96AA6DCA4}.Debug|Any CPU.ActiveCfg = Debug|Any CPU
		{38237A58-54B2-4499-ACDE-74C96AA6DCA4}.Debug|Any CPU.Build.0 = Debug|Any CPU
		{38237A58-54B2-4499-ACDE-74C96AA6DCA4}.Release|Any CPU.ActiveCfg = Release|Any CPU
		{38237A58-54B2-4499-ACDE-74C96AA6DCA4}.Release|Any CPU.Build.0 = Release|Any CPU
		{921C1C16-DA24-4B3D-AA50-328BE15A61C7}.Debug|Any CPU.ActiveCfg = Debug|Any CPU
		{921C1C16-DA24-4B3D-AA50-328BE15A61C7}.Debug|Any CPU.Build.0 = Debug|Any CPU
		{921C1C16-DA24-4B3D-AA50-328BE15A61C7}.Release|Any CPU.ActiveCfg = Release|Any CPU
		{921C1C16-DA24-4B3D-AA50-328BE15A61C7}.Release|Any CPU.Build.0 = Release|Any CPU
	EndGlobalSection
	GlobalSection(SolutionProperties) = preSolution
		HideSolutionNode = FALSE
	EndGlobalSection
	GlobalSection(ExtensibilityGlobals) = postSolution
		SolutionGuid = {A003149E-38DD-4D5C-A25B-E701F847533A}
	EndGlobalSection
EndGlobal
